
Microsoft Visual Studio Solution File, Format Version 12.00
# Visual Studio 15
VisualStudioVersion = 15.0.28307.271
MinimumVisualStudioVersion = 10.0.40219.1
Project("{FAE04EC0-301F-11D3-BF4B-00C04F79EFBC}") = "DS", "DS\DS.csproj", "{0A4E2C82-CF73-4AB2-B02B-B95D6508E047}"
EndProject
Global
	GlobalSection(SolutionConfigurationPlatforms) = preSolution
		Debug|Any CPU = Debug|Any CPU
		Release|Any CPU = Release|Any CPU
	EndGlobalSection
	GlobalSection(ProjectConfigurationPlatforms) = postSolution
		{0A4E2C82-CF73-4AB2-B02B-B95D6508E047}.Debug|Any CPU.ActiveCfg = Debug|Any CPU
		{0A4E2C82-CF73-4AB2-B02B-B95D6508E047}.Debug|Any CPU.Build.0 = Debug|Any CPU
		{0A4E2C82-CF73-4AB2-B02B-B95D6508E047}.Release|Any CPU.ActiveCfg = Release|Any CPU
		{0A4E2C82-CF73-4AB2-B02B-B95D6508E047}.Release|Any CPU.Build.0 = Release|Any CPU
	EndGlobalSection
	GlobalSection(SolutionProperties) = preSolution
		HideSolutionNode = FALSE
	EndGlobalSection
	GlobalSection(ExtensibilityGlobals) = postSolution
		SolutionGuid = {AF03E0C2-0CC6-4E09-AA5E-0C5A71410872}
	EndGlobalSection
EndGlobal
